
Microsoft Visual Studio Solution File, Format Version 12.00
# Visual Studio Version 17
VisualStudioVersion = 17.3.32901.215
MinimumVisualStudioVersion = 10.0.40219.1
Project("{FAE04EC0-301F-11D3-BF4B-00C04F79EFBC}") = "math sınıfı", "math sınıfı\math sınıfı.csproj", "{8D4A2E89-8427-46D7-B00B-207A77849F50}"
EndProject
Global
	GlobalSection(SolutionConfigurationPlatforms) = preSolution
		Debug|Any CPU = Debug|Any CPU
		Release|Any CPU = Release|Any CPU
	EndGlobalSection
	GlobalSection(ProjectConfigurationPlatforms) = postSolution
		{8D4A2E89-8427-46D7-B00B-207A77849F50}.Debug|Any CPU.ActiveCfg = Debug|Any CPU
		{8D4A2E89-8427-46D7-B00B-207A77849F50}.Debug|Any CPU.Build.0 = Debug|Any CPU
		{8D4A2E89-8427-46D7-B00B-207A77849F50}.Release|Any CPU.ActiveCfg = Release|Any CPU
		{8D4A2E89-8427-46D7-B00B-207A77849F50}.Release|Any CPU.Build.0 = Release|Any CPU
	EndGlobalSection
	GlobalSection(SolutionProperties) = preSolution
		HideSolutionNode = FALSE
	EndGlobalSection
	GlobalSection(ExtensibilityGlobals) = postSolution
		SolutionGuid = {3A2110C0-7B92-4221-865D-B8B38AC2AE35}
	EndGlobalSection
EndGlobal
